
Microsoft Visual Studio Solution File, Format Version 12.00
# Visual Studio Version 17
VisualStudioVersion = 17.5.33530.505
MinimumVisualStudioVersion = 10.0.40219.1
Project("{9A19103F-16F7-4668-BE54-9A1E7A4F7556}") = "ProjectFinder", "ProjectFinder\ProjectFinder.csproj", "{366FA34C-D8A4-4A6B-A557-84558B8EC4E3}"
EndProject
Global
	GlobalSection(SolutionConfigurationPlatforms) = preSolution
		Debug|Any CPU = Debug|Any CPU
		Debug|x64 = Debug|x64
		Release|Any CPU = Release|Any CPU
		Release|x64 = Release|x64
	EndGlobalSection
	GlobalSection(ProjectConfigurationPlatforms) = postSolution
		{366FA34C-D8A4-4A6B-A557-84558B8EC4E3}.Debug|Any CPU.ActiveCfg = Debug|Any CPU
		{366FA34C-D8A4-4A6B-A557-84558B8EC4E3}.Debug|Any CPU.Build.0 = Debug|Any CPU
		{366FA34C-D8A4-4A6B-A557-84558B8EC4E3}.Debug|x64.ActiveCfg = Debug|x64
		{366FA34C-D8A4-4A6B-A557-84558B8EC4E3}.Debug|x64.Build.0 = Debug|x64
		{366FA34C-D8A4-4A6B-A557-84558B8EC4E3}.Release|Any CPU.ActiveCfg = Release|Any CPU
		{366FA34C-D8A4-4A6B-A557-84558B8EC4E3}.Release|Any CPU.Build.0 = Release|Any CPU
		{366FA34C-D8A4-4A6B-A557-84558B8EC4E3}.Release|x64.ActiveCfg = Release|x64
		{366FA34C-D8A4-4A6B-A557-84558B8EC4E3}.Release|x64.Build.0 = Release|x64
	EndGlobalSection
	GlobalSection(SolutionProperties) = preSolution
		HideSolutionNode = FALSE
	EndGlobalSection
	GlobalSection(ExtensibilityGlobals) = postSolution
		SolutionGuid = {4A4FDED0-ECC3-4D03-8E8D-2F8AFF67DD72}
	EndGlobalSection
EndGlobal
